
Microsoft Visual Studio Solution File, Format Version 12.00
# Visual Studio Version 17
VisualStudioVersion = 17.4.33205.214
MinimumVisualStudioVersion = 10.0.40219.1
Project("{2150E333-8FDC-42A3-9474-1A3956D46DE8}") = "01 Kintamieji", "01 Kintamieji", "{DDB91D03-0BF2-4EF7-8116-40512BBB45EF}"
EndProject
Project("{FAE04EC0-301F-11D3-BF4B-00C04F79EFBC}") = "DemoKintamieji", "DemoKintamieji\DemoKintamieji.csproj", "{23E98BE7-BDF1-48E4-9DDC-2A04FCC711E9}"
EndProject
Project("{2150E333-8FDC-42A3-9474-1A3956D46DE8}") = "02 Isvedimas", "02 Isvedimas", "{F48B1E95-D66B-4C10-AB70-7D8E03E51ED3}"
EndProject
Project("{FAE04EC0-301F-11D3-BF4B-00C04F79EFBC}") = "DemoIsvedimas", "DemoIsvedimas\DemoIsvedimas.csproj", "{6381BF34-0979-4296-AC77-69A8F1F41E83}"
EndProject
Project("{FAE04EC0-301F-11D3-BF4B-00C04F79EFBC}") = "Uzduotis01", "Uzduotis01\Uzduotis01.csproj", "{595060C2-E395-4465-87A0-AA32E46E1665}"
EndProject
Project("{FAE04EC0-301F-11D3-BF4B-00C04F79EFBC}") = "Uzduotis02", "Uzduotis02\Uzduotis02.csproj", "{80F13E4E-FCD0-4993-A3B6-4F33AA059D2A}"
EndProject
Project("{2150E333-8FDC-42A3-9474-1A3956D46DE8}") = "03 Aritmetiniai Veiksmai", "03 Aritmetiniai Veiksmai", "{F8486E0D-E33A-40F0-BD5C-2F68EC599C90}"
EndProject
Project("{FAE04EC0-301F-11D3-BF4B-00C04F79EFBC}") = "DemoAritmetiniaiVeiksmai", "DemoAritmetiniaiVeiksmai\DemoAritmetiniaiVeiksmai.csproj", "{DDDD4CC9-06C2-4E10-AEA4-335DFA6E6049}"
EndProject
Project("{2150E333-8FDC-42A3-9474-1A3956D46DE8}") = "04 Ivedimas", "04 Ivedimas", "{E398690E-46A6-41BC-97DC-E126E9C1AAEE}"
EndProject
Project("{FAE04EC0-301F-11D3-BF4B-00C04F79EFBC}") = "DemoIvedimas", "DemoIvedimas\DemoIvedimas.csproj", "{3FD20D57-74B8-4463-BA6C-FF56903893C5}"
EndProject
Project("{2150E333-8FDC-42A3-9474-1A3956D46DE8}") = "05 If Salyga", "05 If Salyga", "{9593AD3C-3798-4950-A0E2-A2DC05995CDF}"
EndProject
Project("{FAE04EC0-301F-11D3-BF4B-00C04F79EFBC}") = "DemoIfSalyga", "DemoIfSalyga\DemoIfSalyga.csproj", "{83FE76E7-F607-40B2-99F6-16F9C0156526}"
EndProject
Project("{FAE04EC0-301F-11D3-BF4B-00C04F79EFBC}") = "Uzduotis03", "Uzduotis03\Uzduotis03.csproj", "{A2CE8CF1-0B91-4227-A59B-B6DA5D2EBBE1}"
EndProject
Project("{FAE04EC0-301F-11D3-BF4B-00C04F79EFBC}") = "Uzduotis04", "Uzduotis04\Uzduotis04.csproj", "{9C7FEB5D-3D56-4083-9CDA-4EDE530537D5}"
EndProject
Project("{FAE04EC0-301F-11D3-BF4B-00C04F79EFBC}") = "Uzduotis05", "Uzduotis05\Uzduotis05.csproj", "{E83FA00D-067A-409E-AAEE-89338F6E0DF0}"
EndProject
Project("{FAE04EC0-301F-11D3-BF4B-00C04F79EFBC}") = "Uzduotis06", "Uzduotis06\Uzduotis06.csproj", "{72A6F307-933D-40BF-92CB-CD09257D3CC0}"
EndProject
Project("{FAE04EC0-301F-11D3-BF4B-00C04F79EFBC}") = "Uzduotis07", "Uzduotis07\Uzduotis07.csproj", "{31986544-24AE-4B19-9233-CF114E3F0673}"
EndProject
Project("{FAE04EC0-301F-11D3-BF4B-00C04F79EFBC}") = "Uzduotis08", "Uzduotis08\Uzduotis08.csproj", "{B88DDFFF-8662-4A2D-A7B1-4DF4B1118100}"
EndProject
Project("{FAE04EC0-301F-11D3-BF4B-00C04F79EFBC}") = "Uzduotis09", "Uzduotis09\Uzduotis09.csproj", "{21DC3424-BB1C-440E-94CD-0E4D12DEB7B0}"
EndProject
Project("{FAE04EC0-301F-11D3-BF4B-00C04F79EFBC}") = "Uzduotis10", "Uzduotis10\Uzduotis10.csproj", "{7DE9ECA9-EA18-4C2D-9A63-3AB7BD810A01}"
EndProject
Project("{FAE04EC0-301F-11D3-BF4B-00C04F79EFBC}") = "Uzduotis11", "Uzduotis11\Uzduotis11.csproj", "{B1CDF913-B61D-4978-A715-5BBA79E17071}"
EndProject
Project("{2150E333-8FDC-42A3-9474-1A3956D46DE8}") = "06 Switch Sąlyga", "06 Switch Sąlyga", "{F39BE616-4EED-417F-A1CB-07DAAE2C2B66}"
EndProject
Project("{FAE04EC0-301F-11D3-BF4B-00C04F79EFBC}") = "DemoSwitch", "DemoSwitch\DemoSwitch.csproj", "{5FF50393-3B5E-4B68-A0AC-DE5ED40F111E}"
EndProject
Project("{2150E333-8FDC-42A3-9474-1A3956D46DE8}") = "07 For Ciklas", "07 For Ciklas", "{2661D451-708E-4234-8E45-A50660DB5DF2}"
EndProject
Project("{FAE04EC0-301F-11D3-BF4B-00C04F79EFBC}") = "DemoFor", "DemoFor\DemoFor.csproj", "{CDE9F80F-36B6-4219-924D-15BB743EB99F}"
EndProject
Project("{2150E333-8FDC-42A3-9474-1A3956D46DE8}") = "08 While Ciklas", "08 While Ciklas", "{4482997F-55E2-4635-9724-E97591AE9F43}"
EndProject
Project("{FAE04EC0-301F-11D3-BF4B-00C04F79EFBC}") = "DemoWhile", "DemoWhile\DemoWhile.csproj", "{428AB6F5-F48E-4469-8793-B4D19E594BCF}"
EndProject
Project("{FAE04EC0-301F-11D3-BF4B-00C04F79EFBC}") = "Uzduotis12", "Uzduotis12\Uzduotis12.csproj", "{EB9152FD-B329-4616-8CEC-38C1E8EA93F8}"
EndProject
Project("{FAE04EC0-301F-11D3-BF4B-00C04F79EFBC}") = "Uzduotis13", "Uzduotis13\Uzduotis13.csproj", "{50877176-03A3-48AC-99E2-B3CE0CF270E7}"
EndProject
Project("{FAE04EC0-301F-11D3-BF4B-00C04F79EFBC}") = "Uzduotis14", "Uzduotis14\Uzduotis14.csproj", "{1CCC999D-2E59-47A9-BECD-57DA0566626C}"
EndProject
Project("{FAE04EC0-301F-11D3-BF4B-00C04F79EFBC}") = "Uzduotis15", "Uzduotis15\Uzduotis15.csproj", "{C624FDCE-52D9-41B3-86AF-091E93377EE5}"
EndProject
Project("{FAE04EC0-301F-11D3-BF4B-00C04F79EFBC}") = "Uzduotis16", "Uzduotis16\Uzduotis16.csproj", "{D9D98666-6679-4C18-B1B6-94359185B4D2}"
EndProject
Project("{FAE04EC0-301F-11D3-BF4B-00C04F79EFBC}") = "Uzduotis17", "Uzduotis17\Uzduotis17.csproj", "{A575AABF-8FE1-40E0-99B2-86F7550128E1}"
EndProject
Project("{2150E333-8FDC-42A3-9474-1A3956D46DE8}") = "KitosUzduotys", "KitosUzduotys", "{6611F23B-375C-490C-AC55-4F969027038F}"
EndProject
Project("{FAE04EC0-301F-11D3-BF4B-00C04F79EFBC}") = "Uzduotis18", "Uzduotis18\Uzduotis18.csproj", "{75300EF2-EAC1-42F3-850A-C07063418CE9}"
EndProject
Project("{FAE04EC0-301F-11D3-BF4B-00C04F79EFBC}") = "Uzduotis19", "Uzduotis19\Uzduotis19.csproj", "{C386132D-B55F-4620-974D-86D71E74EB26}"
EndProject
Project("{FAE04EC0-301F-11D3-BF4B-00C04F79EFBC}") = "Uzduotis20", "Uzduotis20\Uzduotis20.csproj", "{647457D8-57E9-46E3-8C8B-267617061EC9}"
EndProject
Global
	GlobalSection(SolutionConfigurationPlatforms) = preSolution
		Debug|Any CPU = Debug|Any CPU
		Release|Any CPU = Release|Any CPU
	EndGlobalSection
	GlobalSection(ProjectConfigurationPlatforms) = postSolution
		{23E98BE7-BDF1-48E4-9DDC-2A04FCC711E9}.Debug|Any CPU.ActiveCfg = Debug|Any CPU
		{23E98BE7-BDF1-48E4-9DDC-2A04FCC711E9}.Debug|Any CPU.Build.0 = Debug|Any CPU
		{23E98BE7-BDF1-48E4-9DDC-2A04FCC711E9}.Release|Any CPU.ActiveCfg = Release|Any CPU
		{23E98BE7-BDF1-48E4-9DDC-2A04FCC711E9}.Release|Any CPU.Build.0 = Release|Any CPU
		{6381BF34-0979-4296-AC77-69A8F1F41E83}.Debug|Any CPU.ActiveCfg = Debug|Any CPU
		{6381BF34-0979-4296-AC77-69A8F1F41E83}.Debug|Any CPU.Build.0 = Debug|Any CPU
		{6381BF34-0979-4296-AC77-69A8F1F41E83}.Release|Any CPU.ActiveCfg = Release|Any CPU
		{6381BF34-0979-4296-AC77-69A8F1F41E83}.Release|Any CPU.Build.0 = Release|Any CPU
		{595060C2-E395-4465-87A0-AA32E46E1665}.Debug|Any CPU.ActiveCfg = Debug|Any CPU
		{595060C2-E395-4465-87A0-AA32E46E1665}.Debug|Any CPU.Build.0 = Debug|Any CPU
		{595060C2-E395-4465-87A0-AA32E46E1665}.Release|Any CPU.ActiveCfg = Release|Any CPU
		{595060C2-E395-4465-87A0-AA32E46E1665}.Release|Any CPU.Build.0 = Release|Any CPU
		{80F13E4E-FCD0-4993-A3B6-4F33AA059D2A}.Debug|Any CPU.ActiveCfg = Debug|Any CPU
		{80F13E4E-FCD0-4993-A3B6-4F33AA059D2A}.Debug|Any CPU.Build.0 = Debug|Any CPU
		{80F13E4E-FCD0-4993-A3B6-4F33AA059D2A}.Release|Any CPU.ActiveCfg = Release|Any CPU
		{80F13E4E-FCD0-4993-A3B6-4F33AA059D2A}.Release|Any CPU.Build.0 = Release|Any CPU
		{DDDD4CC9-06C2-4E10-AEA4-335DFA6E6049}.Debug|Any CPU.ActiveCfg = Debug|Any CPU
		{DDDD4CC9-06C2-4E10-AEA4-335DFA6E6049}.Debug|Any CPU.Build.0 = Debug|Any CPU
		{DDDD4CC9-06C2-4E10-AEA4-335DFA6E6049}.Release|Any CPU.ActiveCfg = Release|Any CPU
		{DDDD4CC9-06C2-4E10-AEA4-335DFA6E6049}.Release|Any CPU.Build.0 = Release|Any CPU
		{3FD20D57-74B8-4463-BA6C-FF56903893C5}.Debug|Any CPU.ActiveCfg = Debug|Any CPU
		{3FD20D57-74B8-4463-BA6C-FF56903893C5}.Debug|Any CPU.Build.0 = Debug|Any CPU
		{3FD20D57-74B8-4463-BA6C-FF56903893C5}.Release|Any CPU.ActiveCfg = Release|Any CPU
		{3FD20D57-74B8-4463-BA6C-FF56903893C5}.Release|Any CPU.Build.0 = Release|Any CPU
		{83FE76E7-F607-40B2-99F6-16F9C0156526}.Debug|Any CPU.ActiveCfg = Debug|Any CPU
		{83FE76E7-F607-40B2-99F6-16F9C0156526}.Debug|Any CPU.Build.0 = Debug|Any CPU
		{83FE76E7-F607-40B2-99F6-16F9C0156526}.Release|Any CPU.ActiveCfg = Release|Any CPU
		{83FE76E7-F607-40B2-99F6-16F9C0156526}.Release|Any CPU.Build.0 = Release|Any CPU
		{A2CE8CF1-0B91-4227-A59B-B6DA5D2EBBE1}.Debug|Any CPU.ActiveCfg = Debug|Any CPU
		{A2CE8CF1-0B91-4227-A59B-B6DA5D2EBBE1}.Debug|Any CPU.Build.0 = Debug|Any CPU
		{A2CE8CF1-0B91-4227-A59B-B6DA5D2EBBE1}.Release|Any CPU.ActiveCfg = Release|Any CPU
		{A2CE8CF1-0B91-4227-A59B-B6DA5D2EBBE1}.Release|Any CPU.Build.0 = Release|Any CPU
		{9C7FEB5D-3D56-4083-9CDA-4EDE530537D5}.Debug|Any CPU.ActiveCfg = Debug|Any CPU
		{9C7FEB5D-3D56-4083-9CDA-4EDE530537D5}.Debug|Any CPU.Build.0 = Debug|Any CPU
		{9C7FEB5D-3D56-4083-9CDA-4EDE530537D5}.Release|Any CPU.ActiveCfg = Release|Any CPU
		{9C7FEB5D-3D56-4083-9CDA-4EDE530537D5}.Release|Any CPU.Build.0 = Release|Any CPU
		{E83FA00D-067A-409E-AAEE-89338F6E0DF0}.Debug|Any CPU.ActiveCfg = Debug|Any CPU
		{E83FA00D-067A-409E-AAEE-89338F6E0DF0}.Debug|Any CPU.Build.0 = Debug|Any CPU
		{E83FA00D-067A-409E-AAEE-89338F6E0DF0}.Release|Any CPU.ActiveCfg = Release|Any CPU
		{E83FA00D-067A-409E-AAEE-89338F6E0DF0}.Release|Any CPU.Build.0 = Release|Any CPU
		{72A6F307-933D-40BF-92CB-CD09257D3CC0}.Debug|Any CPU.ActiveCfg = Debug|Any CPU
		{72A6F307-933D-40BF-92CB-CD09257D3CC0}.Debug|Any CPU.Build.0 = Debug|Any CPU
		{72A6F307-933D-40BF-92CB-CD09257D3CC0}.Release|Any CPU.ActiveCfg = Release|Any CPU
		{72A6F307-933D-40BF-92CB-CD09257D3CC0}.Release|Any CPU.Build.0 = Release|Any CPU
		{31986544-24AE-4B19-9233-CF114E3F0673}.Debug|Any CPU.ActiveCfg = Debug|Any CPU
		{31986544-24AE-4B19-9233-CF114E3F0673}.Debug|Any CPU.Build.0 = Debug|Any CPU
		{31986544-24AE-4B19-9233-CF114E3F0673}.Release|Any CPU.ActiveCfg = Release|Any CPU
		{31986544-24AE-4B19-9233-CF114E3F0673}.Release|Any CPU.Build.0 = Release|Any CPU
		{B88DDFFF-8662-4A2D-A7B1-4DF4B1118100}.Debug|Any CPU.ActiveCfg = Debug|Any CPU
		{B88DDFFF-8662-4A2D-A7B1-4DF4B1118100}.Debug|Any CPU.Build.0 = Debug|Any CPU
		{B88DDFFF-8662-4A2D-A7B1-4DF4B1118100}.Release|Any CPU.ActiveCfg = Release|Any CPU
		{B88DDFFF-8662-4A2D-A7B1-4DF4B1118100}.Release|Any CPU.Build.0 = Release|Any CPU
		{21DC3424-BB1C-440E-94CD-0E4D12DEB7B0}.Debug|Any CPU.ActiveCfg = Debug|Any CPU
		{21DC3424-BB1C-440E-94CD-0E4D12DEB7B0}.Debug|Any CPU.Build.0 = Debug|Any CPU
		{21DC3424-BB1C-440E-94CD-0E4D12DEB7B0}.Release|Any CPU.ActiveCfg = Release|Any CPU
		{21DC3424-BB1C-440E-94CD-0E4D12DEB7B0}.Release|Any CPU.Build.0 = Release|Any CPU
		{7DE9ECA9-EA18-4C2D-9A63-3AB7BD810A01}.Debug|Any CPU.ActiveCfg = Debug|Any CPU
		{7DE9ECA9-EA18-4C2D-9A63-3AB7BD810A01}.Debug|Any CPU.Build.0 = Debug|Any CPU
		{7DE9ECA9-EA18-4C2D-9A63-3AB7BD810A01}.Release|Any CPU.ActiveCfg = Release|Any CPU
		{7DE9ECA9-EA18-4C2D-9A63-3AB7BD810A01}.Release|Any CPU.Build.0 = Release|Any CPU
		{B1CDF913-B61D-4978-A715-5BBA79E17071}.Debug|Any CPU.ActiveCfg = Debug|Any CPU
		{B1CDF913-B61D-4978-A715-5BBA79E17071}.Debug|Any CPU.Build.0 = Debug|Any CPU
		{B1CDF913-B61D-4978-A715-5BBA79E17071}.Release|Any CPU.ActiveCfg = Release|Any CPU
		{B1CDF913-B61D-4978-A715-5BBA79E17071}.Release|Any CPU.Build.0 = Release|Any CPU
		{5FF50393-3B5E-4B68-A0AC-DE5ED40F111E}.Debug|Any CPU.ActiveCfg = Debug|Any CPU
		{5FF50393-3B5E-4B68-A0AC-DE5ED40F111E}.Debug|Any CPU.Build.0 = Debug|Any CPU
		{5FF50393-3B5E-4B68-A0AC-DE5ED40F111E}.Release|Any CPU.ActiveCfg = Release|Any CPU
		{5FF50393-3B5E-4B68-A0AC-DE5ED40F111E}.Release|Any CPU.Build.0 = Release|Any CPU
		{CDE9F80F-36B6-4219-924D-15BB743EB99F}.Debug|Any CPU.ActiveCfg = Debug|Any CPU
		{CDE9F80F-36B6-4219-924D-15BB743EB99F}.Debug|Any CPU.Build.0 = Debug|Any CPU
		{CDE9F80F-36B6-4219-924D-15BB743EB99F}.Release|Any CPU.ActiveCfg = Release|Any CPU
		{CDE9F80F-36B6-4219-924D-15BB743EB99F}.Release|Any CPU.Build.0 = Release|Any CPU
		{428AB6F5-F48E-4469-8793-B4D19E594BCF}.Debug|Any CPU.ActiveCfg = Debug|Any CPU
		{428AB6F5-F48E-4469-8793-B4D19E594BCF}.Debug|Any CPU.Build.0 = Debug|Any CPU
		{428AB6F5-F48E-4469-8793-B4D19E594BCF}.Release|Any CPU.ActiveCfg = Release|Any CPU
		{428AB6F5-F48E-4469-8793-B4D19E594BCF}.Release|Any CPU.Build.0 = Release|Any CPU
		{EB9152FD-B329-4616-8CEC-38C1E8EA93F8}.Debug|Any CPU.ActiveCfg = Debug|Any CPU
		{EB9152FD-B329-4616-8CEC-38C1E8EA93F8}.Debug|Any CPU.Build.0 = Debug|Any CPU
		{EB9152FD-B329-4616-8CEC-38C1E8EA93F8}.Release|Any CPU.ActiveCfg = Release|Any CPU
		{EB9152FD-B329-4616-8CEC-38C1E8EA93F8}.Release|Any CPU.Build.0 = Release|Any CPU
		{50877176-03A3-48AC-99E2-B3CE0CF270E7}.Debug|Any CPU.ActiveCfg = Debug|Any CPU
		{50877176-03A3-48AC-99E2-B3CE0CF270E7}.Debug|Any CPU.Build.0 = Debug|Any CPU
		{50877176-03A3-48AC-99E2-B3CE0CF270E7}.Release|Any CPU.ActiveCfg = Release|Any CPU
		{50877176-03A3-48AC-99E2-B3CE0CF270E7}.Release|Any CPU.Build.0 = Release|Any CPU
		{1CCC999D-2E59-47A9-BECD-57DA0566626C}.Debug|Any CPU.ActiveCfg = Debug|Any CPU
		{1CCC999D-2E59-47A9-BECD-57DA0566626C}.Debug|Any CPU.Build.0 = Debug|Any CPU
		{1CCC999D-2E59-47A9-BECD-57DA0566626C}.Release|Any CPU.ActiveCfg = Release|Any CPU
		{1CCC999D-2E59-47A9-BECD-57DA0566626C}.Release|Any CPU.Build.0 = Release|Any CPU
		{C624FDCE-52D9-41B3-86AF-091E93377EE5}.Debug|Any CPU.ActiveCfg = Debug|Any CPU
		{C624FDCE-52D9-41B3-86AF-091E93377EE5}.Debug|Any CPU.Build.0 = Debug|Any CPU
		{C624FDCE-52D9-41B3-86AF-091E93377EE5}.Release|Any CPU.ActiveCfg = Release|Any CPU
		{C624FDCE-52D9-41B3-86AF-091E93377EE5}.Release|Any CPU.Build.0 = Release|Any CPU
		{D9D98666-6679-4C18-B1B6-94359185B4D2}.Debug|Any CPU.ActiveCfg = Debug|Any CPU
		{D9D98666-6679-4C18-B1B6-94359185B4D2}.Debug|Any CPU.Build.0 = Debug|Any CPU
		{D9D98666-6679-4C18-B1B6-94359185B4D2}.Release|Any CPU.ActiveCfg = Release|Any CPU
		{D9D98666-6679-4C18-B1B6-94359185B4D2}.Release|Any CPU.Build.0 = Release|Any CPU
		{A575AABF-8FE1-40E0-99B2-86F7550128E1}.Debug|Any CPU.ActiveCfg = Debug|Any CPU
		{A575AABF-8FE1-40E0-99B2-86F7550128E1}.Debug|Any CPU.Build.0 = Debug|Any CPU
		{A575AABF-8FE1-40E0-99B2-86F7550128E1}.Release|Any CPU.ActiveCfg = Release|Any CPU
		{A575AABF-8FE1-40E0-99B2-86F7550128E1}.Release|Any CPU.Build.0 = Release|Any CPU
		{75300EF2-EAC1-42F3-850A-C07063418CE9}.Debug|Any CPU.ActiveCfg = Debug|Any CPU
		{75300EF2-EAC1-42F3-850A-C07063418CE9}.Debug|Any CPU.Build.0 = Debug|Any CPU
		{75300EF2-EAC1-42F3-850A-C07063418CE9}.Release|Any CPU.ActiveCfg = Release|Any CPU
		{75300EF2-EAC1-42F3-850A-C07063418CE9}.Release|Any CPU.Build.0 = Release|Any CPU
		{C386132D-B55F-4620-974D-86D71E74EB26}.Debug|Any CPU.ActiveCfg = Debug|Any CPU
		{C386132D-B55F-4620-974D-86D71E74EB26}.Debug|Any CPU.Build.0 = Debug|Any CPU
		{C386132D-B55F-4620-974D-86D71E74EB26}.Release|Any CPU.ActiveCfg = Release|Any CPU
		{C386132D-B55F-4620-974D-86D71E74EB26}.Release|Any CPU.Build.0 = Release|Any CPU
		{647457D8-57E9-46E3-8C8B-267617061EC9}.Debug|Any CPU.ActiveCfg = Debug|Any CPU
		{647457D8-57E9-46E3-8C8B-267617061EC9}.Debug|Any CPU.Build.0 = Debug|Any CPU
		{647457D8-57E9-46E3-8C8B-267617061EC9}.Release|Any CPU.ActiveCfg = Release|Any CPU
		{647457D8-57E9-46E3-8C8B-267617061EC9}.Release|Any CPU.Build.0 = Release|Any CPU
	EndGlobalSection
	GlobalSection(SolutionProperties) = preSolution
		HideSolutionNode = FALSE
	EndGlobalSection
	GlobalSection(NestedProjects) = preSolution
		{23E98BE7-BDF1-48E4-9DDC-2A04FCC711E9} = {DDB91D03-0BF2-4EF7-8116-40512BBB45EF}
		{6381BF34-0979-4296-AC77-69A8F1F41E83} = {F48B1E95-D66B-4C10-AB70-7D8E03E51ED3}
		{595060C2-E395-4465-87A0-AA32E46E1665} = {F48B1E95-D66B-4C10-AB70-7D8E03E51ED3}
		{80F13E4E-FCD0-4993-A3B6-4F33AA059D2A} = {F48B1E95-D66B-4C10-AB70-7D8E03E51ED3}
		{DDDD4CC9-06C2-4E10-AEA4-335DFA6E6049} = {F8486E0D-E33A-40F0-BD5C-2F68EC599C90}
		{3FD20D57-74B8-4463-BA6C-FF56903893C5} = {E398690E-46A6-41BC-97DC-E126E9C1AAEE}
		{83FE76E7-F607-40B2-99F6-16F9C0156526} = {9593AD3C-3798-4950-A0E2-A2DC05995CDF}
		{A2CE8CF1-0B91-4227-A59B-B6DA5D2EBBE1} = {F48B1E95-D66B-4C10-AB70-7D8E03E51ED3}
		{9C7FEB5D-3D56-4083-9CDA-4EDE530537D5} = {F48B1E95-D66B-4C10-AB70-7D8E03E51ED3}
		{E83FA00D-067A-409E-AAEE-89338F6E0DF0} = {F8486E0D-E33A-40F0-BD5C-2F68EC599C90}
		{72A6F307-933D-40BF-92CB-CD09257D3CC0} = {F8486E0D-E33A-40F0-BD5C-2F68EC599C90}
		{31986544-24AE-4B19-9233-CF114E3F0673} = {E398690E-46A6-41BC-97DC-E126E9C1AAEE}
		{B88DDFFF-8662-4A2D-A7B1-4DF4B1118100} = {E398690E-46A6-41BC-97DC-E126E9C1AAEE}
		{21DC3424-BB1C-440E-94CD-0E4D12DEB7B0} = {9593AD3C-3798-4950-A0E2-A2DC05995CDF}
		{7DE9ECA9-EA18-4C2D-9A63-3AB7BD810A01} = {9593AD3C-3798-4950-A0E2-A2DC05995CDF}
		{B1CDF913-B61D-4978-A715-5BBA79E17071} = {9593AD3C-3798-4950-A0E2-A2DC05995CDF}
		{5FF50393-3B5E-4B68-A0AC-DE5ED40F111E} = {F39BE616-4EED-417F-A1CB-07DAAE2C2B66}
		{CDE9F80F-36B6-4219-924D-15BB743EB99F} = {2661D451-708E-4234-8E45-A50660DB5DF2}
		{428AB6F5-F48E-4469-8793-B4D19E594BCF} = {4482997F-55E2-4635-9724-E97591AE9F43}
		{EB9152FD-B329-4616-8CEC-38C1E8EA93F8} = {9593AD3C-3798-4950-A0E2-A2DC05995CDF}
		{50877176-03A3-48AC-99E2-B3CE0CF270E7} = {F39BE616-4EED-417F-A1CB-07DAAE2C2B66}
		{1CCC999D-2E59-47A9-BECD-57DA0566626C} = {F39BE616-4EED-417F-A1CB-07DAAE2C2B66}
		{C624FDCE-52D9-41B3-86AF-091E93377EE5} = {2661D451-708E-4234-8E45-A50660DB5DF2}
		{D9D98666-6679-4C18-B1B6-94359185B4D2} = {2661D451-708E-4234-8E45-A50660DB5DF2}
		{A575AABF-8FE1-40E0-99B2-86F7550128E1} = {4482997F-55E2-4635-9724-E97591AE9F43}
		{75300EF2-EAC1-42F3-850A-C07063418CE9} = {6611F23B-375C-490C-AC55-4F969027038F}
		{C386132D-B55F-4620-974D-86D71E74EB26} = {6611F23B-375C-490C-AC55-4F969027038F}
		{647457D8-57E9-46E3-8C8B-267617061EC9} = {6611F23B-375C-490C-AC55-4F969027038F}
	EndGlobalSection
	GlobalSection(ExtensibilityGlobals) = postSolution
		SolutionGuid = {CF7E7727-ACFF-4EEE-8C08-C9C67EB9A3E1}
	EndGlobalSection
EndGlobal
